// !$*UTF8*$!
{
	archiveVersion = 1;
	classes = {
	};
	objectVersion = 77;
	objects = {

/* Begin PBXBuildFile section */
		FF81C16A2E8ADA0D00A12CAE /* WidgetKit.framework in Frameworks */ = {isa = PBXBuildFile; fileRef = FF81C1692E8ADA0D00A12CAE /* WidgetKit.framework */; };
		FF81C16C2E8ADA0D00A12CAE /* SwiftUI.framework in Frameworks */ = {isa = PBXBuildFile; fileRef = FF81C16B2E8ADA0D00A12CAE /* SwiftUI.framework */; };
		FF81C17B2E8ADA0F00A12CAE /* SpotSaverWidgetExtension.appex in Embed Foundation Extensions */ = {isa = PBXBuildFile; fileRef = FF81C1672E8ADA0D00A12CAE /* SpotSaverWidgetExtension.appex */; settings = {ATTRIBUTES = (RemoveHeadersOnCopy, ); }; };
/* End PBXBuildFile section */

/* Begin PBXContainerItemProxy section */
		FF66EA4A2F275B4500B965CE /* PBXContainerItemProxy */ = {
			isa = PBXContainerItemProxy;
			containerPortal = FF6FB3AB2E84387D007A14FC /* Project object */;
			proxyType = 1;
			remoteGlobalIDString = FF6FB3B22E84387D007A14FC;
			remoteInfo = "Spot Saver";
		};
		FF81C1792E8ADA0F00A12CAE /* PBXContainerItemProxy */ = {
			isa = PBXContainerItemProxy;
			containerPortal = FF6FB3AB2E84387D007A14FC /* Project object */;
			proxyType = 1;
			remoteGlobalIDString = FF81C1662E8ADA0D00A12CAE;
			remoteInfo = SpotSaverWidgetExtension;
		};
/* End PBXContainerItemProxy section */

/* Begin PBXCopyFilesBuildPhase section */
		FF81C1802E8ADA0F00A12CAE /* Embed Foundation Extensions */ = {
			isa = PBXCopyFilesBuildPhase;
			buildActionMask = 2147483647;
			dstPath = "";
			dstSubfolderSpec = 13;
			files = (
				FF81C17B2E8ADA0F00A12CAE /* SpotSaverWidgetExtension.appex in Embed Foundation Extensions */,
			);
			name = "Embed Foundation Extensions";
			runOnlyForDeploymentPostprocessing = 0;
		};
/* End PBXCopyFilesBuildPhase section */

/* Begin PBXFileReference section */
		FF66EA462F275B4500B965CE /* Spot SaverTests.xctest */ = {isa = PBXFileReference; explicitFileType = wrapper.cfbundle; includeInIndex = 0; path = "Spot SaverTests.xctest"; sourceTree = BUILT_PRODUCTS_DIR; };
		FF6FB3B32E84387D007A14FC /* Spot Saver.app */ = {isa = PBXFileReference; explicitFileType = wrapper.application; includeInIndex = 0; path = "Spot Saver.app"; sourceTree = BUILT_PRODUCTS_DIR; };
		FF81C1672E8ADA0D00A12CAE /* SpotSaverWidgetExtension.appex */ = {isa = PBXFileReference; explicitFileType = "wrapper.app-extension"; includeInIndex = 0; path = SpotSaverWidgetExtension.appex; sourceTree = BUILT_PRODUCTS_DIR; };
		FF81C1692E8ADA0D00A12CAE /* WidgetKit.framework */ = {isa = PBXFileReference; lastKnownFileType = wrapper.framework; name = WidgetKit.framework; path = System/Library/Frameworks/WidgetKit.framework; sourceTree = SDKROOT; };
		FF81C16B2E8ADA0D00A12CAE /* SwiftUI.framework */ = {isa = PBXFileReference; lastKnownFileType = wrapper.framework; name = SwiftUI.framework; path = System/Library/Frameworks/SwiftUI.framework; sourceTree = SDKROOT; };
		FF81C1822E8ADBA900A12CAE /* SpotSaverWidgetExtension.entitlements */ = {isa = PBXFileReference; lastKnownFileType = text.plist.entitlements; path = SpotSaverWidgetExtension.entitlements; sourceTree = "<group>"; };
/* End PBXFileReference section */

/* Begin PBXFileSystemSynchronizedBuildFileExceptionSet section */
		FF81C17C2E8ADA0F00A12CAE /* Exceptions for "SpotSaverWidget" folder in "SpotSaverWidgetExtension" target */ = {
			isa = PBXFileSystemSynchronizedBuildFileExceptionSet;
			membershipExceptions = (
				Info.plist,
			);
			target = FF81C1662E8ADA0D00A12CAE /* SpotSaverWidgetExtension */;
		};
		FF81C1842E8ADDF800A12CAE /* Exceptions for "Spot Saver" folder in "SpotSaverWidgetExtension" target */ = {
			isa = PBXFileSystemSynchronizedBuildFileExceptionSet;
			membershipExceptions = (
				Spot.swift,
			);
			target = FF81C1662E8ADA0D00A12CAE /* SpotSaverWidgetExtension */;
		};
/* End PBXFileSystemSynchronizedBuildFileExceptionSet section */

/* Begin PBXFileSystemSynchronizedRootGroup section */
		FF66EA472F275B4500B965CE /* Spot SaverTests */ = {
			isa = PBXFileSystemSynchronizedRootGroup;
			path = "Spot SaverTests";
			sourceTree = "<group>";
		};
		FF6FB3B52E84387D007A14FC /* Spot Saver */ = {
			isa = PBXFileSystemSynchronizedRootGroup;
			exceptions = (
				FF81C1842E8ADDF800A12CAE /* Exceptions for "Spot Saver" folder in "SpotSaverWidgetExtension" target */,
			);
			path = "Spot Saver";
			sourceTree = "<group>";
		};
		FF81C16D2E8ADA0D00A12CAE /* SpotSaverWidget */ = {
			isa = PBXFileSystemSynchronizedRootGroup;
			exceptions = (
				FF81C17C2E8ADA0F00A12CAE /* Exceptions for "SpotSaverWidget" folder in "SpotSaverWidgetExtension" target */,
			);
			path = SpotSaverWidget;
			sourceTree = "<group>";
		};
/* End PBXFileSystemSynchronizedRootGroup section */

/* Begin PBXFrameworksBuildPhase section */
		FF66EA432F275B4500B965CE /* Frameworks */ = {
			isa = PBXFrameworksBuildPhase;
			buildActionMask = 2147483647;
			files = (
			);
			runOnlyForDeploymentPostprocessing = 0;
		};
		FF6FB3B02E84387D007A14FC /* Frameworks */ = {
			isa = PBXFrameworksBuildPhase;
			buildActionMask = 2147483647;
			files = (
			);
			runOnlyForDeploymentPostprocessing = 0;
		};
		FF81C1642E8ADA0D00A12CAE /* Frameworks */ = {
			isa = PBXFrameworksBuildPhase;
			buildActionMask = 2147483647;
			files = (
				FF81C16C2E8ADA0D00A12CAE /* SwiftUI.framework in Frameworks */,
				FF81C16A2E8ADA0D00A12CAE /* WidgetKit.framework in Frameworks */,
			);
			runOnlyForDeploymentPostprocessing = 0;
		};
/* End PBXFrameworksBuildPhase section */

/* Begin PBXGroup section */
		FF6FB3AA2E84387D007A14FC = {
			isa = PBXGroup;
			children = (
				FF81C1822E8ADBA900A12CAE /* SpotSaverWidgetExtension.entitlements */,
				FF6FB3B52E84387D007A14FC /* Spot Saver */,
				FF81C16D2E8ADA0D00A12CAE /* SpotSaverWidget */,
				FF66EA472F275B4500B965CE /* Spot SaverTests */,
				FF81C1682E8ADA0D00A12CAE /* Frameworks */,
				FF6FB3B42E84387D007A14FC /* Products */,
			);
			sourceTree = "<group>";
		};
		FF6FB3B42E84387D007A14FC /* Products */ = {
			isa = PBXGroup;
			children = (
				FF6FB3B32E84387D007A14FC /* Spot Saver.app */,
				FF81C1672E8ADA0D00A12CAE /* SpotSaverWidgetExtension.appex */,
				FF66EA462F275B4500B965CE /* Spot SaverTests.xctest */,
			);
			name = Products;
			sourceTree = "<group>";
		};
		FF81C1682E8ADA0D00A12CAE /* Frameworks */ = {
			isa = PBXGroup;
			children = (
				FF81C1692E8ADA0D00A12CAE /* WidgetKit.framework */,
				FF81C16B2E8ADA0D00A12CAE /* SwiftUI.framework */,
			);
			name = Frameworks;
			sourceTree = "<group>";
		};
/* End PBXGroup section */

/* Begin PBXNativeTarget section */
		FF66EA452F275B4500B965CE /* Spot SaverTests */ = {
			isa = PBXNativeTarget;
			buildConfigurationList = FF66EA4E2F275B4500B965CE /* Build configuration list for PBXNativeTarget "Spot SaverTests" */;
			buildPhases = (
				FF66EA422F275B4500B965CE /* Sources */,
				FF66EA432F275B4500B965CE /* Frameworks */,
				FF66EA442F275B4500B965CE /* Resources */,
			);
			buildRules = (
			);
			dependencies = (
				FF66EA4B2F275B4500B965CE /* PBXTargetDependency */,
			);
			fileSystemSynchronizedGroups = (
				FF66EA472F275B4500B965CE /* Spot SaverTests */,
			);
			name = "Spot SaverTests";
			packageProductDependencies = (
			);
			productName = "Spot SaverTests";
			productReference = FF66EA462F275B4500B965CE /* Spot SaverTests.xctest */;
			productType = "com.apple.product-type.bundle.unit-test";
		};
		FF6FB3B22E84387D007A14FC /* Spot Saver */ = {
			isa = PBXNativeTarget;
			buildConfigurationList = FF6FB3BE2E84387E007A14FC /* Build configuration list for PBXNativeTarget "Spot Saver" */;
			buildPhases = (
				FF6FB3AF2E84387D007A14FC /* Sources */,
				FF6FB3B02E84387D007A14FC /* Frameworks */,
				FF6FB3B12E84387D007A14FC /* Resources */,
				FF81C1802E8ADA0F00A12CAE /* Embed Foundation Extensions */,
			);
			buildRules = (
			);
			dependencies = (
				FF81C17A2E8ADA0F00A12CAE /* PBXTargetDependency */,
			);
			fileSystemSynchronizedGroups = (
				FF6FB3B52E84387D007A14FC /* Spot Saver */,
			);
			name = "Spot Saver";
			packageProductDependencies = (
			);
			productName = "Spot Saver";
			productReference = FF6FB3B32E84387D007A14FC /* Spot Saver.app */;
			productType = "com.apple.product-type.application";
		};
		FF81C1662E8ADA0D00A12CAE /* SpotSaverWidgetExtension */ = {
			isa = PBXNativeTarget;
			buildConfigurationList = FF81C17D2E8ADA0F00A12CAE /* Build configuration list for PBXNativeTarget "SpotSaverWidgetExtension" */;
			buildPhases = (
				FF81C1632E8ADA0D00A12CAE /* Sources */,
				FF81C1642E8ADA0D00A12CAE /* Frameworks */,
				FF81C1652E8ADA0D00A12CAE /* Resources */,
			);
			buildRules = (
			);
			dependencies = (
			);
			fileSystemSynchronizedGroups = (
				FF81C16D2E8ADA0D00A12CAE /* SpotSaverWidget */,
			);
			name = SpotSaverWidgetExtension;
			packageProductDependencies = (
			);
			productName = SpotSaverWidgetExtension;
			productReference = FF81C1672E8ADA0D00A12CAE /* SpotSaverWidgetExtension.appex */;
			productType = "com.apple.product-type.app-extension";
		};
/* End PBXNativeTarget section */

/* Begin PBXProject section */
		FF6FB3AB2E84387D007A14FC /* Project object */ = {
			isa = PBXProject;
			attributes = {
				BuildIndependentTargetsInParallel = 1;
				LastSwiftUpdateCheck = 2620;
				LastUpgradeCheck = 2600;
				TargetAttributes = {
					FF66EA452F275B4500B965CE = {
						CreatedOnToolsVersion = 26.2;
						TestTargetID = FF6FB3B22E84387D007A14FC;
					};
					FF6FB3B22E84387D007A14FC = {
						CreatedOnToolsVersion = 26.0.1;
					};
					FF81C1662E8ADA0D00A12CAE = {
						CreatedOnToolsVersion = 26.0.1;
					};
				};
			};
			buildConfigurationList = FF6FB3AE2E84387D007A14FC /* Build configuration list for PBXProject "Spot Saver" */;
			developmentRegion = en;
			hasScannedForEncodings = 0;
			knownRegions = (
				en,
				Base,
			);
			mainGroup = FF6FB3AA2E84387D007A14FC;
			minimizedProjectReferenceProxies = 1;
			preferredProjectObjectVersion = 77;
			productRefGroup = FF6FB3B42E84387D007A14FC /* Products */;
			projectDirPath = "";
			projectRoot = "";
			targets = (
				FF6FB3B22E84387D007A14FC /* Spot Saver */,
				FF81C1662E8ADA0D00A12CAE /* SpotSaverWidgetExtension */,
				FF66EA452F275B4500B965CE /* Spot SaverTests */,
			);
		};
/* End PBXProject section */

/* Begin PBXResourcesBuildPhase section */
		FF66EA442F275B4500B965CE /* Resources */ = {
			isa = PBXResourcesBuildPhase;
			buildActionMask = 2147483647;
			files = (
			);
			runOnlyForDeploymentPostprocessing = 0;
		};
		FF6FB3B12E84387D007A14FC /* Resources */ = {
			isa = PBXResourcesBuildPhase;
			buildActionMask = 2147483647;
			files = (
			);
			runOnlyForDeploymentPostprocessing = 0;
		};
		FF81C1652E8ADA0D00A12CAE /* Resources */ = {
			isa = PBXResourcesBuildPhase;
			buildActionMask = 2147483647;
			files = (
			);
			runOnlyForDeploymentPostprocessing = 0;
		};
/* End PBXResourcesBuildPhase section */

/* Begin PBXSourcesBuildPhase section */
		FF66EA422F275B4500B965CE /* Sources */ = {
			isa = PBXSourcesBuildPhase;
			buildActionMask = 2147483647;
			files = (
			);
			runOnlyForDeploymentPostprocessing = 0;
		};
		FF6FB3AF2E84387D007A14FC /* Sources */ = {
			isa = PBXSourcesBuildPhase;
			buildActionMask = 2147483647;
			files = (
			);
			runOnlyForDeploymentPostprocessing = 0;
		};
		FF81C1632E8ADA0D00A12CAE /* Sources */ = {
			isa = PBXSourcesBuildPhase;
			buildActionMask = 2147483647;
			files = (
			);
			runOnlyForDeploymentPostprocessing = 0;
		};
/* End PBXSourcesBuildPhase section */

/* Begin PBXTargetDependency section */
		FF66EA4B2F275B4500B965CE /* PBXTargetDependency */ = {
			isa = PBXTargetDependency;
			target = FF6FB3B22E84387D007A14FC /* Spot Saver */;
			targetProxy = FF66EA4A2F275B4500B965CE /* PBXContainerItemProxy */;
		};
		FF81C17A2E8ADA0F00A12CAE /* PBXTargetDependency */ = {
			isa = PBXTargetDependency;
			target = FF81C1662E8ADA0D00A12CAE /* SpotSaverWidgetExtension */;
			targetProxy = FF81C1792E8ADA0F00A12CAE /* PBXContainerItemProxy */;
		};
/* End PBXTargetDependency section */

/* Begin XCBuildConfiguration section */
		FF66EA4C2F275B4500B965CE /* Debug */ = {
			isa = XCBuildConfiguration;
			buildSettings = {
				BUNDLE_LOADER = "$(TEST_HOST)";
				CODE_SIGN_STYLE = Automatic;
				CURRENT_PROJECT_VERSION = 1;
				DEVELOPMENT_TEAM = S286S6SAFP;
				GENERATE_INFOPLIST_FILE = YES;
				IPHONEOS_DEPLOYMENT_TARGET = 26.2;
				MARKETING_VERSION = 1.0;
				PRODUCT_BUNDLE_IDENTIFIER = "com.rishubajpai.Spot-SaverTests";
				PRODUCT_NAME = "$(TARGET_NAME)";
				STRING_CATALOG_GENERATE_SYMBOLS = NO;
				SWIFT_APPROACHABLE_CONCURRENCY = YES;
				SWIFT_EMIT_LOC_STRINGS = NO;
				SWIFT_UPCOMING_FEATURE_MEMBER_IMPORT_VISIBILITY = YES;
				SWIFT_VERSION = 5.0;
				TARGETED_DEVICE_FAMILY = "1,2";
				TEST_HOST = "$(BUILT_PRODUCTS_DIR)/Spot Saver.app/$(BUNDLE_EXECUTABLE_FOLDER_PATH)/Spot Saver";
			};
			name = Debug;
		};
		FF66EA4D2F275B4500B965CE /* Release */ = {
			isa = XCBuildConfiguration;
			buildSettings = {
				BUNDLE_LOADER = "$(TEST_HOST)";
				CODE_SIGN_STYLE = Automatic;
				CURRENT_PROJECT_VERSION = 1;
				DEVELOPMENT_TEAM = S286S6SAFP;
				GENERATE_INFOPLIST_FILE = YES;
				IPHONEOS_DEPLOYMENT_TARGET = 26.2;
				MARKETING_VERSION = 1.0;
				PRODUCT_BUNDLE_IDENTIFIER = "com.rishubajpai.Spot-SaverTests";
				PRODUCT_NAME = "$(TARGET_NAME)";
				STRING_CATALOG_GENERATE_SYMBOLS = NO;
				SWIFT_APPROACHABLE_CONCURRENCY = YES;
				SWIFT_EMIT_LOC_STRINGS = NO;
				SWIFT_UPCOMING_FEATURE_MEMBER_IMPORT_VISIBILITY = YES;
				SWIFT_VERSION = 5.0;
				TARGETED_DEVICE_FAMILY = "1,2";
				TEST_HOST = "$(BUILT_PRODUCTS_DIR)/Spot Saver.app/$(BUNDLE_EXECUTABLE_FOLDER_PATH)/Spot Saver";
			};
			name = Release;
		};
		FF6FB3BC2E84387E007A14FC /* Debug */ = {
			isa = XCBuildConfiguration;
			buildSettings = {
				ALWAYS_SEARCH_USER_PATHS = NO;
				ASSETCATALOG_COMPILER_GENERATE_SWIFT_ASSET_SYMBOL_EXTENSIONS = YES;
				CLANG_ANALYZER_NONNULL = YES;
				CLANG_ANALYZER_NUMBER_OBJECT_CONVERSION = YES_AGGRESSIVE;
				CLANG_CXX_LANGUAGE_STANDARD = "gnu++20";
				CLANG_ENABLE_MODULES = YES;
				CLANG_ENABLE_OBJC_ARC = YES;
				CLANG_ENABLE_OBJC_WEAK = YES;
				CLANG_WARN_BLOCK_CAPTURE_AUTORELEASING = YES;
				CLANG_WARN_BOOL_CONVERSION = YES;
				CLANG_WARN_COMMA = YES;
				CLANG_WARN_CONSTANT_CONVERSION = YES;
				CLANG_WARN_DEPRECATED_OBJC_IMPLEMENTATIONS = YES;
				CLANG_WARN_DIRECT_OBJC_ISA_USAGE = YES_ERROR;
				CLANG_WARN_DOCUMENTATION_COMMENTS = YES;
				CLANG_WARN_EMPTY_BODY = YES;
				CLANG_WARN_ENUM_CONVERSION = YES;
				CLANG_WARN_INFINITE_RECURSION = YES;
				CLANG_WARN_INT_CONVERSION = YES;
				CLANG_WARN_NON_LITERAL_NULL_CONVERSION = YES;
				CLANG_WARN_OBJC_IMPLICIT_RETAIN_SELF = YES;
				CLANG_WARN_OBJC_LITERAL_CONVERSION = YES;
				CLANG_WARN_OBJC_ROOT_CLASS = YES_ERROR;
				CLANG_WARN_QUOTED_INCLUDE_IN_FRAMEWORK_HEADER = YES;
				CLANG_WARN_RANGE_LOOP_ANALYSIS = YES;
				CLANG_WARN_STRICT_PROTOTYPES = YES;
				CLANG_WARN_SUSPICIOUS_MOVE = YES;
				CLANG_WARN_UNGUARDED_AVAILABILITY = YES_AGGRESSIVE;
				CLANG_WARN_UNREACHABLE_CODE = YES;
				CLANG_WARN__DUPLICATE_METHOD_MATCH = YES;
				COPY_PHASE_STRIP = NO;
				DEBUG_INFORMATION_FORMAT = dwarf;
				ENABLE_STRICT_OBJC_MSGSEND = YES;
				ENABLE_TESTABILITY = YES;
				ENABLE_USER_SCRIPT_SANDBOXING = YES;
				GCC_C_LANGUAGE_STANDARD = gnu17;
				GCC_DYNAMIC_NO_PIC = NO;
				GCC_NO_COMMON_BLOCKS = YES;
				GCC_OPTIMIZATION_LEVEL = 0;
				GCC_PREPROCESSOR_DEFINITIONS = (
					"DEBUG=1",
					"$(inherited)",
				);
				GCC_WARN_64_TO_32_BIT_CONVERSION = YES;
				GCC_WARN_ABOUT_RETURN_TYPE = YES_ERROR;
				GCC_WARN_UNDECLARED_SELECTOR = YES;
				GCC_WARN_UNINITIALIZED_AUTOS = YES_AGGRESSIVE;
				GCC_WARN_UNUSED_FUNCTION = YES;
				GCC_WARN_UNUSED_VARIABLE = YES;
				IPHONEOS_DEPLOYMENT_TARGET = 26.0;
				LOCALIZATION_PREFERS_STRING_CATALOGS = YES;
				MTL_ENABLE_DEBUG_INFO = INCLUDE_SOURCE;
				MTL_FAST_MATH = YES;
				ONLY_ACTIVE_ARCH = YES;
				SDKROOT = iphoneos;
				SWIFT_ACTIVE_COMPILATION_CONDITIONS = "DEBUG $(inherited)";
				SWIFT_OPTIMIZATION_LEVEL = "-Onone";
			};
			name = Debug;
		};
		FF6FB3BD2E84387E007A14FC /* Release */ = {
			isa = XCBuildConfiguration;
			buildSettings = {
				ALWAYS_SEARCH_USER_PATHS = NO;
				ASSETCATALOG_COMPILER_GENERATE_SWIFT_ASSET_SYMBOL_EXTENSIONS = YES;
				CLANG_ANALYZER_NONNULL = YES;
				CLANG_ANALYZER_NUMBER_OBJECT_CONVERSION = YES_AGGRESSIVE;
				CLANG_CXX_LANGUAGE_STANDARD = "gnu++20";
				CLANG_ENABLE_MODULES = YES;
				CLANG_ENABLE_OBJC_ARC = YES;
				CLANG_ENABLE_OBJC_WEAK = YES;
				CLANG_WARN_BLOCK_CAPTURE_AUTORELEASING = YES;
				CLANG_WARN_BOOL_CONVERSION = YES;
				CLANG_WARN_COMMA = YES;
				CLANG_WARN_CONSTANT_CONVERSION = YES;
				CLANG_WARN_DEPRECATED_OBJC_IMPLEMENTATIONS = YES;
				CLANG_WARN_DIRECT_OBJC_ISA_USAGE = YES_ERROR;
				CLANG_WARN_DOCUMENTATION_COMMENTS = YES;
				CLANG_WARN_EMPTY_BODY = YES;
				CLANG_WARN_ENUM_CONVERSION = YES;
				CLANG_WARN_INFINITE_RECURSION = YES;
				CLANG_WARN_INT_CONVERSION = YES;
				CLANG_WARN_NON_LITERAL_NULL_CONVERSION = YES;
				CLANG_WARN_OBJC_IMPLICIT_RETAIN_SELF = YES;
				CLANG_WARN_OBJC_LITERAL_CONVERSION = YES;
				CLANG_WARN_OBJC_ROOT_CLASS = YES_ERROR;
				CLANG_WARN_QUOTED_INCLUDE_IN_FRAMEWORK_HEADER = YES;
				CLANG_WARN_RANGE_LOOP_ANALYSIS = YES;
				CLANG_WARN_STRICT_PROTOTYPES = YES;
				CLANG_WARN_SUSPICIOUS_MOVE = YES;
				CLANG_WARN_UNGUARDED_AVAILABILITY = YES_AGGRESSIVE;
				CLANG_WARN_UNREACHABLE_CODE = YES;
				CLANG_WARN__DUPLICATE_METHOD_MATCH = YES;
				COPY_PHASE_STRIP = NO;
				DEBUG_INFORMATION_FORMAT = "dwarf-with-dsym";
				ENABLE_NS_ASSERTIONS = NO;
				ENABLE_STRICT_OBJC_MSGSEND = YES;
				ENABLE_USER_SCRIPT_SANDBOXING = YES;
				GCC_C_LANGUAGE_STANDARD = gnu17;
				GCC_NO_COMMON_BLOCKS = YES;
				GCC_WARN_64_TO_32_BIT_CONVERSION = YES;
				GCC_WARN_ABOUT_RETURN_TYPE = YES_ERROR;
				GCC_WARN_UNDECLARED_SELECTOR = YES;
				GCC_WARN_UNINITIALIZED_AUTOS = YES_AGGRESSIVE;
				GCC_WARN_UNUSED_FUNCTION = YES;
				GCC_WARN_UNUSED_VARIABLE = YES;
				IPHONEOS_DEPLOYMENT_TARGET = 26.0;
				LOCALIZATION_PREFERS_STRING_CATALOGS = YES;
				MTL_ENABLE_DEBUG_INFO = NO;
				MTL_FAST_MATH = YES;
				SDKROOT = iphoneos;
				SWIFT_COMPILATION_MODE = wholemodule;
				VALIDATE_PRODUCT = YES;
			};
			name = Release;
		};
		FF6FB3BF2E84387E007A14FC /* Debug */ = {
			isa = XCBuildConfiguration;
			buildSettings = {
				ASSETCATALOG_COMPILER_APPICON_NAME = AppIcon;
				ASSETCATALOG_COMPILER_GLOBAL_ACCENT_COLOR_NAME = AccentColor;
				CODE_SIGN_ENTITLEMENTS = "Spot Saver/Spot Saver.entitlements";
				CODE_SIGN_STYLE = Automatic;
				CURRENT_PROJECT_VERSION = 2;
				DEVELOPMENT_TEAM = S286S6SAFP;
				ENABLE_PREVIEWS = YES;
				GENERATE_INFOPLIST_FILE = YES;
				INFOPLIST_KEY_ITSAppUsesNonExemptEncryption = NO;
				INFOPLIST_KEY_NSCameraUsageDescription = "We need camera access to let you take photos of your spots.";
				INFOPLIST_KEY_NSLocationWhenInUseUsageDescription = "Spot Saver uses your location to display your current position on the map and to calculate the distance to your saved spots so you can sort them by 'Nearest'.";
				INFOPLIST_KEY_UIApplicationSceneManifest_Generation = YES;
				INFOPLIST_KEY_UIApplicationSupportsIndirectInputEvents = YES;
				INFOPLIST_KEY_UILaunchScreen_Generation = YES;
				INFOPLIST_KEY_UISupportedInterfaceOrientations_iPad = "UIInterfaceOrientationPortrait UIInterfaceOrientationPortraitUpsideDown UIInterfaceOrientationLandscapeLeft UIInterfaceOrientationLandscapeRight";
				INFOPLIST_KEY_UISupportedInterfaceOrientations_iPhone = "UIInterfaceOrientationPortrait UIInterfaceOrientationLandscapeLeft UIInterfaceOrientationLandscapeRight";
				IPHONEOS_DEPLOYMENT_TARGET = 18.6;
				LD_RUNPATH_SEARCH_PATHS = (
					"$(inherited)",
					"@executable_path/Frameworks",
				);
				MARKETING_VERSION = 1.0;
				PRODUCT_BUNDLE_IDENTIFIER = "com.rishu.Spot-Saver";
				PRODUCT_NAME = "$(TARGET_NAME)";
				STRING_CATALOG_GENERATE_SYMBOLS = YES;
				SWIFT_APPROACHABLE_CONCURRENCY = YES;
				SWIFT_DEFAULT_ACTOR_ISOLATION = MainActor;
				SWIFT_EMIT_LOC_STRINGS = YES;
				SWIFT_UPCOMING_FEATURE_MEMBER_IMPORT_VISIBILITY = YES;
				SWIFT_VERSION = 5.0;
				TARGETED_DEVICE_FAMILY = "1,2";
			};
			name = Debug;
		};
		FF6FB3C02E84387E007A14FC /* Release */ = {
			isa = XCBuildConfiguration;
			buildSettings = {
				ASSETCATALOG_COMPILER_APPICON_NAME = AppIcon;
				ASSETCATALOG_COMPILER_GLOBAL_ACCENT_COLOR_NAME = AccentColor;
				CODE_SIGN_ENTITLEMENTS = "Spot Saver/Spot Saver.entitlements";
				CODE_SIGN_STYLE = Automatic;
				CURRENT_PROJECT_VERSION = 2;
				DEVELOPMENT_TEAM = S286S6SAFP;
				ENABLE_PREVIEWS = YES;
				GENERATE_INFOPLIST_FILE = YES;
				INFOPLIST_KEY_ITSAppUsesNonExemptEncryption = NO;
				INFOPLIST_KEY_NSCameraUsageDescription = "We need camera access to let you take photos of your spots.";
				INFOPLIST_KEY_NSLocationWhenInUseUsageDescription = "Spot Saver uses your location to display your current position on the map and to calculate the distance to your saved spots so you can sort them by 'Nearest'.";
				INFOPLIST_KEY_UIApplicationSceneManifest_Generation = YES;
				INFOPLIST_KEY_UIApplicationSupportsIndirectInputEvents = YES;
				INFOPLIST_KEY_UILaunchScreen_Generation = YES;
				INFOPLIST_KEY_UISupportedInterfaceOrientations_iPad = "UIInterfaceOrientationPortrait UIInterfaceOrientationPortraitUpsideDown UIInterfaceOrientationLandscapeLeft UIInterfaceOrientationLandscapeRight";
				INFOPLIST_KEY_UISupportedInterfaceOrientations_iPhone = "UIInterfaceOrientationPortrait UIInterfaceOrientationLandscapeLeft UIInterfaceOrientationLandscapeRight";
				IPHONEOS_DEPLOYMENT_TARGET = 18.6;
				LD_RUNPATH_SEARCH_PATHS = (
					"$(inherited)",
					"@executable_path/Frameworks",
				);
				MARKETING_VERSION = 1.0;
				PRODUCT_BUNDLE_IDENTIFIER = "com.rishu.Spot-Saver";
				PRODUCT_NAME = "$(TARGET_NAME)";
				STRING_CATALOG_GENERATE_SYMBOLS = YES;
				SWIFT_APPROACHABLE_CONCURRENCY = YES;
				SWIFT_DEFAULT_ACTOR_ISOLATION = MainActor;
				SWIFT_EMIT_LOC_STRINGS = YES;
				SWIFT_UPCOMING_FEATURE_MEMBER_IMPORT_VISIBILITY = YES;
				SWIFT_VERSION = 5.0;
				TARGETED_DEVICE_FAMILY = "1,2";
			};
			name = Release;
		};
		FF81C17E2E8ADA0F00A12CAE /* Debug */ = {
			isa = XCBuildConfiguration;
			buildSettings = {
				ASSETCATALOG_COMPILER_GLOBAL_ACCENT_COLOR_NAME = AccentColor;
				ASSETCATALOG_COMPILER_WIDGET_BACKGROUND_COLOR_NAME = WidgetBackground;
				CODE_SIGN_ENTITLEMENTS = SpotSaverWidgetExtension.entitlements;
				CODE_SIGN_STYLE = Automatic;
				CURRENT_PROJECT_VERSION = 1;
				DEVELOPMENT_TEAM = S286S6SAFP;
				GENERATE_INFOPLIST_FILE = YES;
				INFOPLIST_FILE = SpotSaverWidget/Info.plist;
				INFOPLIST_KEY_CFBundleDisplayName = SpotSaverWidget;
				INFOPLIST_KEY_NSHumanReadableCopyright = "";
				IPHONEOS_DEPLOYMENT_TARGET = 18.6;
				LD_RUNPATH_SEARCH_PATHS = (
					"$(inherited)",
					"@executable_path/Frameworks",
					"@executable_path/../../Frameworks",
				);
				MARKETING_VERSION = 1.0;
				PRODUCT_BUNDLE_IDENTIFIER = "com.rishu.Spot-Saver.SpotSaverWidget";
				PRODUCT_NAME = "$(TARGET_NAME)";
				SKIP_INSTALL = YES;
				STRING_CATALOG_GENERATE_SYMBOLS = YES;
				SWIFT_APPROACHABLE_CONCURRENCY = YES;
				SWIFT_EMIT_LOC_STRINGS = YES;
				SWIFT_UPCOMING_FEATURE_MEMBER_IMPORT_VISIBILITY = YES;
				SWIFT_VERSION = 5.0;
				TARGETED_DEVICE_FAMILY = "1,2";
			};
			name = Debug;
		};
		FF81C17F2E8ADA0F00A12CAE /* Release */ = {
			isa = XCBuildConfiguration;
			buildSettings = {
				ASSETCATALOG_COMPILER_GLOBAL_ACCENT_COLOR_NAME = AccentColor;
				ASSETCATALOG_COMPILER_WIDGET_BACKGROUND_COLOR_NAME = WidgetBackground;
				CODE_SIGN_ENTITLEMENTS = SpotSaverWidgetExtension.entitlements;
				CODE_SIGN_STYLE = Automatic;
				CURRENT_PROJECT_VERSION = 1;
				DEVELOPMENT_TEAM = S286S6SAFP;
				GENERATE_INFOPLIST_FILE = YES;
				INFOPLIST_FILE = SpotSaverWidget/Info.plist;
				INFOPLIST_KEY_CFBundleDisplayName = SpotSaverWidget;
				INFOPLIST_KEY_NSHumanReadableCopyright = "";
				IPHONEOS_DEPLOYMENT_TARGET = 18.6;
				LD_RUNPATH_SEARCH_PATHS = (
					"$(inherited)",
					"@executable_path/Frameworks",
					"@executable_path/../../Frameworks",
				);
				MARKETING_VERSION = 1.0;
				PRODUCT_BUNDLE_IDENTIFIER = "com.rishu.Spot-Saver.SpotSaverWidget";
				PRODUCT_NAME = "$(TARGET_NAME)";
				SKIP_INSTALL = YES;
				STRING_CATALOG_GENERATE_SYMBOLS = YES;
				SWIFT_APPROACHABLE_CONCURRENCY = YES;
				SWIFT_EMIT_LOC_STRINGS = YES;
				SWIFT_UPCOMING_FEATURE_MEMBER_IMPORT_VISIBILITY = YES;
				SWIFT_VERSION = 5.0;
				TARGETED_DEVICE_FAMILY = "1,2";
			};
			name = Release;
		};
/* End XCBuildConfiguration section */

/* Begin XCConfigurationList section */
		FF66EA4E2F275B4500B965CE /* Build configuration list for PBXNativeTarget "Spot SaverTests" */ = {
			isa = XCConfigurationList;
			buildConfigurations = (
				FF66EA4C2F275B4500B965CE /* Debug */,
				FF66EA4D2F275B4500B965CE /* Release */,
			);
			defaultConfigurationIsVisible = 0;
			defaultConfigurationName = Release;
		};
		FF6FB3AE2E84387D007A14FC /* Build configuration list for PBXProject "Spot Saver" */ = {
			isa = XCConfigurationList;
			buildConfigurations = (
				FF6FB3BC2E84387E007A14FC /* Debug */,
				FF6FB3BD2E84387E007A14FC /* Release */,
			);
			defaultConfigurationIsVisible = 0;
			defaultConfigurationName = Release;
		};
		FF6FB3BE2E84387E007A14FC /* Build configuration list for PBXNativeTarget "Spot Saver" */ = {
			isa = XCConfigurationList;
			buildConfigurations = (
				FF6FB3BF2E84387E007A14FC /* Debug */,
				FF6FB3C02E84387E007A14FC /* Release */,
			);
			defaultConfigurationIsVisible = 0;
			defaultConfigurationName = Release;
		};
		FF81C17D2E8ADA0F00A12CAE /* Build configuration list for PBXNativeTarget "SpotSaverWidgetExtension" */ = {
			isa = XCConfigurationList;
			buildConfigurations = (
				FF81C17E2E8ADA0F00A12CAE /* Debug */,
				FF81C17F2E8ADA0F00A12CAE /* Release */,
			);
			defaultConfigurationIsVisible = 0;
			defaultConfigurationName = Release;
		};
/* End XCConfigurationList section */
	};
	rootObject = FF6FB3AB2E84387D007A14FC /* Project object */;
}
